
Microsoft Visual Studio Solution File, Format Version 12.00
# Visual Studio 15
VisualStudioVersion = 15.0.28307.902
MinimumVisualStudioVersion = 10.0.40219.1
Project("{FAE04EC0-301F-11D3-BF4B-00C04F79EFBC}") = "CoreTry", "CoreTry\CoreTry.csproj", "{9FEC0AC6-C96A-46F1-B72A-0B96F3D25B9F}"
EndProject
Global
	GlobalSection(SolutionConfigurationPlatforms) = preSolution
		Debug|Any CPU = Debug|Any CPU
		Release|Any CPU = Release|Any CPU
	EndGlobalSection
	GlobalSection(ProjectConfigurationPlatforms) = postSolution
		{9FEC0AC6-C96A-46F1-B72A-0B96F3D25B9F}.Debug|Any CPU.ActiveCfg = Debug|Any CPU
		{9FEC0AC6-C96A-46F1-B72A-0B96F3D25B9F}.Debug|Any CPU.Build.0 = Debug|Any CPU
		{9FEC0AC6-C96A-46F1-B72A-0B96F3D25B9F}.Release|Any CPU.ActiveCfg = Release|Any CPU
		{9FEC0AC6-C96A-46F1-B72A-0B96F3D25B9F}.Release|Any CPU.Build.0 = Release|Any CPU
	EndGlobalSection
	GlobalSection(SolutionProperties) = preSolution
		HideSolutionNode = FALSE
	EndGlobalSection
	GlobalSection(ExtensibilityGlobals) = postSolution
		SolutionGuid = {8E360143-9C52-452A-8794-81B7850803C3}
	EndGlobalSection
EndGlobal
